
Microsoft Visual Studio Solution File, Format Version 12.00
# Visual Studio Version 16
VisualStudioVersion = 16.0.29201.188
MinimumVisualStudioVersion = 10.0.40219.1
Project("{8BC9CEB8-8B4A-11D0-8D11-00A0C91BC942}") = "blur-cli", "blur-cli\blur-cli.vcxproj", "{B7685D5D-1C32-4988-A15A-44EEACC7F20E}"
EndProject
Global
	GlobalSection(SolutionConfigurationPlatforms) = preSolution
		Debug|x64 = Debug|x64
		Debug|x86 = Debug|x86
		Release|x64 = Release|x64
		Release|x86 = Release|x86
	EndGlobalSection
	GlobalSection(ProjectConfigurationPlatforms) = postSolution
		{B7685D5D-1C32-4988-A15A-44EEACC7F20E}.Debug|x64.ActiveCfg = Debug|x64
		{B7685D5D-1C32-4988-A15A-44EEACC7F20E}.Debug|x64.Build.0 = Debug|x64
		{B7685D5D-1C32-4988-A15A-44EEACC7F20E}.Debug|x86.ActiveCfg = Debug|Win32
		{B7685D5D-1C32-4988-A15A-44EEACC7F20E}.Debug|x86.Build.0 = Debug|Win32
		{B7685D5D-1C32-4988-A15A-44EEACC7F20E}.Release|x64.ActiveCfg = Release|x64
		{B7685D5D-1C32-4988-A15A-44EEACC7F20E}.Release|x64.Build.0 = Release|x64
		{B7685D5D-1C32-4988-A15A-44EEACC7F20E}.Release|x86.ActiveCfg = Release|Win32
		{B7685D5D-1C32-4988-A15A-44EEACC7F20E}.Release|x86.Build.0 = Release|Win32
	EndGlobalSection
	GlobalSection(SolutionProperties) = preSolution
		HideSolutionNode = FALSE
	EndGlobalSection
	GlobalSection(ExtensibilityGlobals) = postSolution
		SolutionGuid = {E9D6A7A8-34A9-49E0-AA23-2F49D5D65842}
	EndGlobalSection
EndGlobal
